
Microsoft Visual Studio Solution File, Format Version 12.00
# Visual Studio Version 16
VisualStudioVersion = 16.0.30804.86
MinimumVisualStudioVersion = 10.0.40219.1
Project("{9A19103F-16F7-4668-BE54-9A1E7A4F7556}") = "LibVLCSharp.Windows.Net40.Sample", "LibVLCSharp.Windows.Net40.Sample.csproj", "{9226869E-55E7-46CF-9184-8F0C89149D97}"
EndProject
Global
	GlobalSection(SolutionConfigurationPlatforms) = preSolution
		Debug|Any CPU = Debug|Any CPU
		Release|Any CPU = Release|Any CPU
	EndGlobalSection
	GlobalSection(ProjectConfigurationPlatforms) = postSolution
		{9226869E-55E7-46CF-9184-8F0C89149D97}.Debug|Any CPU.ActiveCfg = Debug|Any CPU
		{9226869E-55E7-46CF-9184-8F0C89149D97}.Debug|Any CPU.Build.0 = Debug|Any CPU
		{9226869E-55E7-46CF-9184-8F0C89149D97}.Release|Any CPU.ActiveCfg = Release|Any CPU
		{9226869E-55E7-46CF-9184-8F0C89149D97}.Release|Any CPU.Build.0 = Release|Any CPU
	EndGlobalSection
	GlobalSection(SolutionProperties) = preSolution
		HideSolutionNode = FALSE
	EndGlobalSection
	GlobalSection(ExtensibilityGlobals) = postSolution
		SolutionGuid = {74EB5E72-8E35-4900-90A4-113CB5271E3A}
	EndGlobalSection
EndGlobal
